// !$*UTF8*$!
{
	archiveVersion = 1;
	classes = {
	};
	objectVersion = 46;
	objects = {

/* Begin PBXFileReference section */
		C5792E501E2AFC930080C0D5 /* Insulter.py */ = {isa = PBXFileReference; lastKnownFileType = text.script.python; name = Insulter.py; path = ../../python/Insulter.py; sourceTree = "<group>"; };
		C5792E511E2AFC930080C0D5 /* ConversationEliza.cpp */ = {isa = PBXFileReference; lastKnownFileType = sourcecode.cpp.cpp; name = ConversationEliza.cpp; path = ../../shared/ConversationEliza.cpp; sourceTree = "<group>"; };
		C5792E521E2AFC930080C0D5 /* ConversationEliza.h */ = {isa = PBXFileReference; lastKnownFileType = sourcecode.c.h; name = ConversationEliza.h; path = ../../shared/ConversationEliza.h; sourceTree = "<group>"; };
		C5792E531E2AFC930080C0D5 /* TalkerEliza.cpp */ = {isa = PBXFileReference; lastKnownFileType = sourcecode.cpp.cpp; name = TalkerEliza.cpp; path = ../../shared/TalkerEliza.cpp; sourceTree = "<group>"; };
		C5792E541E2AFC930080C0D5 /* TalkerEliza.h */ = {isa = PBXFileReference; lastKnownFileType = sourcecode.c.h; name = TalkerEliza.h; path = ../../shared/TalkerEliza.h; sourceTree = "<group>"; };
		C597545F1E2B050F00EA71D7 /* main.cpp */ = {isa = PBXFileReference; lastKnownFileType = sourcecode.cpp.cpp; name = main.cpp; path = src/main.cpp; sourceTree = "<group>"; };
		C59754601E2B052000EA71D7 /* ofBitchSkeletonApp.cpp */ = {isa = PBXFileReference; lastKnownFileType = sourcecode.cpp.cpp; name = ofBitchSkeletonApp.cpp; path = src/ofBitchSkeletonApp.cpp; sourceTree = "<group>"; };
		C59754611E2B052000EA71D7 /* ofBitchSkeletonApp.h */ = {isa = PBXFileReference; lastKnownFileType = sourcecode.c.h; name = ofBitchSkeletonApp.h; path = src/ofBitchSkeletonApp.h; sourceTree = "<group>"; };
/* End PBXFileReference section */

/* Begin PBXGroup section */
		C5EAA6BE1E2AFB3200BF552F = {
			isa = PBXGroup;
			children = (
				C5792E501E2AFC930080C0D5 /* Insulter.py */,
				C59754601E2B052000EA71D7 /* ofBitchSkeletonApp.cpp */,
				C59754611E2B052000EA71D7 /* ofBitchSkeletonApp.h */,
				C5792E511E2AFC930080C0D5 /* ConversationEliza.cpp */,
				C5792E521E2AFC930080C0D5 /* ConversationEliza.h */,
				C5792E531E2AFC930080C0D5 /* TalkerEliza.cpp */,
				C5792E541E2AFC930080C0D5 /* TalkerEliza.h */,
				C597545F1E2B050F00EA71D7 /* main.cpp */,
			);
			sourceTree = "<group>";
		};
/* End PBXGroup section */

/* Begin PBXLegacyTarget section */
		C5EAA6C31E2AFB3300BF552F /* ElisaKora */ = {
			isa = PBXLegacyTarget;
			buildArgumentsString = "$(ACTION)";
			buildConfigurationList = C5EAA6C61E2AFB3300BF552F /* Build configuration list for PBXLegacyTarget "ElisaKora" */;
			buildPhases = (
			);
			buildToolPath = /usr/bin/make;
			buildWorkingDirectory = ../../build;
			dependencies = (
			);
			name = ElisaKora;
			passBuildSettingsInEnvironment = 1;
			productName = ElisaKora;
		};
/* End PBXLegacyTarget section */

/* Begin PBXProject section */
		C5EAA6BF1E2AFB3300BF552F /* Project object */ = {
			isa = PBXProject;
			attributes = {
				LastUpgradeCheck = 0810;
				ORGANIZATIONNAME = maxcommunity;
				TargetAttributes = {
					C5EAA6C31E2AFB3300BF552F = {
						CreatedOnToolsVersion = 8.1;
						ProvisioningStyle = Automatic;
					};
				};
			};
			buildConfigurationList = C5EAA6C21E2AFB3300BF552F /* Build configuration list for PBXProject "TalkingEliza" */;
			compatibilityVersion = "Xcode 3.2";
			developmentRegion = English;
			hasScannedForEncodings = 0;
			knownRegions = (
				en,
			);
			mainGroup = C5EAA6BE1E2AFB3200BF552F;
			projectDirPath = "";
			projectRoot = "";
			targets = (
				C5EAA6C31E2AFB3300BF552F /* ElisaKora */,
			);
		};
/* End PBXProject section */

/* Begin XCBuildConfiguration section */
		C5EAA6C41E2AFB3300BF552F /* Debug */ = {
			isa = XCBuildConfiguration;
			buildSettings = {
				ALWAYS_SEARCH_USER_PATHS = NO;
				CLANG_ANALYZER_NONNULL = YES;
				CLANG_CXX_LANGUAGE_STANDARD = "gnu++0x";
				CLANG_CXX_LIBRARY = "libc++";
				CLANG_ENABLE_MODULES = YES;
				CLANG_ENABLE_OBJC_ARC = YES;
				CLANG_WARN_BOOL_CONVERSION = YES;
				CLANG_WARN_CONSTANT_CONVERSION = YES;
				CLANG_WARN_DIRECT_OBJC_ISA_USAGE = YES_ERROR;
				CLANG_WARN_DOCUMENTATION_COMMENTS = YES;
				CLANG_WARN_EMPTY_BODY = YES;
				CLANG_WARN_ENUM_CONVERSION = YES;
				CLANG_WARN_INFINITE_RECURSION = YES;
				CLANG_WARN_INT_CONVERSION = YES;
				CLANG_WARN_OBJC_ROOT_CLASS = YES_ERROR;
				CLANG_WARN_SUSPICIOUS_MOVES = YES;
				CLANG_WARN_UNREACHABLE_CODE = YES;
				CLANG_WARN__DUPLICATE_METHOD_MATCH = YES;
				COPY_PHASE_STRIP = NO;
				DEBUG_INFORMATION_FORMAT = dwarf;
				ENABLE_STRICT_OBJC_MSGSEND = YES;
				ENABLE_TESTABILITY = YES;
				GCC_C_LANGUAGE_STANDARD = gnu99;
				GCC_DYNAMIC_NO_PIC = NO;
				GCC_NO_COMMON_BLOCKS = YES;
				GCC_OPTIMIZATION_LEVEL = 0;
				GCC_PREPROCESSOR_DEFINITIONS = (
					"DEBUG=1",
					"$(inherited)",
				);
				GCC_WARN_64_TO_32_BIT_CONVERSION = YES;
				GCC_WARN_ABOUT_RETURN_TYPE = YES_ERROR;
				GCC_WARN_UNDECLARED_SELECTOR = YES;
				GCC_WARN_UNINITIALIZED_AUTOS = YES_AGGRESSIVE;
				GCC_WARN_UNUSED_FUNCTION = YES;
				GCC_WARN_UNUSED_VARIABLE = YES;
				MTL_ENABLE_DEBUG_INFO = YES;
				ONLY_ACTIVE_ARCH = YES;
			};
			name = Debug;
		};
		C5EAA6C51E2AFB3300BF552F /* Release */ = {
			isa = XCBuildConfiguration;
			buildSettings = {
				ALWAYS_SEARCH_USER_PATHS = NO;
				CLANG_ANALYZER_NONNULL = YES;
				CLANG_CXX_LANGUAGE_STANDARD = "gnu++0x";
				CLANG_CXX_LIBRARY = "libc++";
				CLANG_ENABLE_MODULES = YES;
				CLANG_ENABLE_OBJC_ARC = YES;
				CLANG_WARN_BOOL_CONVERSION = YES;
				CLANG_WARN_CONSTANT_CONVERSION = YES;
				CLANG_WARN_DIRECT_OBJC_ISA_USAGE = YES_ERROR;
				CLANG_WARN_DOCUMENTATION_COMMENTS = YES;
				CLANG_WARN_EMPTY_BODY = YES;
				CLANG_WARN_ENUM_CONVERSION = YES;
				CLANG_WARN_INFINITE_RECURSION = YES;
				CLANG_WARN_INT_CONVERSION = YES;
				CLANG_WARN_OBJC_ROOT_CLASS = YES_ERROR;
				CLANG_WARN_SUSPICIOUS_MOVES = YES;
				CLANG_WARN_UNREACHABLE_CODE = YES;
				CLANG_WARN__DUPLICATE_METHOD_MATCH = YES;
				COPY_PHASE_STRIP = NO;
				DEBUG_INFORMATION_FORMAT = "dwarf-with-dsym";
				ENABLE_NS_ASSERTIONS = NO;
				ENABLE_STRICT_OBJC_MSGSEND = YES;
				GCC_C_LANGUAGE_STANDARD = gnu99;
				GCC_NO_COMMON_BLOCKS = YES;
				GCC_WARN_64_TO_32_BIT_CONVERSION = YES;
				GCC_WARN_ABOUT_RETURN_TYPE = YES_ERROR;
				GCC_WARN_UNDECLARED_SELECTOR = YES;
				GCC_WARN_UNINITIALIZED_AUTOS = YES_AGGRESSIVE;
				GCC_WARN_UNUSED_FUNCTION = YES;
				GCC_WARN_UNUSED_VARIABLE = YES;
				MTL_ENABLE_DEBUG_INFO = NO;
			};
			name = Release;
		};
		C5EAA6C71E2AFB3300BF552F /* Debug */ = {
			isa = XCBuildConfiguration;
			buildSettings = {
				DEBUGGING_SYMBOLS = YES;
				DEBUG_INFORMATION_FORMAT = dwarf;
				GCC_GENERATE_DEBUGGING_SYMBOLS = YES;
				GCC_OPTIMIZATION_LEVEL = 0;
				OTHER_CFLAGS = "";
				OTHER_LDFLAGS = "";
				PRODUCT_NAME = "$(TARGET_NAME)";
			};
			name = Debug;
		};
		C5EAA6C81E2AFB3300BF552F /* Release */ = {
			isa = XCBuildConfiguration;
			buildSettings = {
				DEBUG_INFORMATION_FORMAT = "dwarf-with-dsym";
				OTHER_CFLAGS = "";
				OTHER_LDFLAGS = "";
				PRODUCT_NAME = "$(TARGET_NAME)";
			};
			name = Release;
		};
/* End XCBuildConfiguration section */

/* Begin XCConfigurationList section */
		C5EAA6C21E2AFB3300BF552F /* Build configuration list for PBXProject "TalkingEliza" */ = {
			isa = XCConfigurationList;
			buildConfigurations = (
				C5EAA6C41E2AFB3300BF552F /* Debug */,
				C5EAA6C51E2AFB3300BF552F /* Release */,
			);
			defaultConfigurationIsVisible = 0;
			defaultConfigurationName = Release;
		};
		C5EAA6C61E2AFB3300BF552F /* Build configuration list for PBXLegacyTarget "ElisaKora" */ = {
			isa = XCConfigurationList;
			buildConfigurations = (
				C5EAA6C71E2AFB3300BF552F /* Debug */,
				C5EAA6C81E2AFB3300BF552F /* Release */,
			);
			defaultConfigurationIsVisible = 0;
			defaultConfigurationName = Release;
		};
/* End XCConfigurationList section */
	};
	rootObject = C5EAA6BF1E2AFB3300BF552F /* Project object */;
}
